Microsoft Visual Studio Solution File, Format Version 12.00
# Visual Studio Version 17
VisualStudioVersion = 17.5.2.0
MinimumVisualStudioVersion = 10.0.40219.1
Project("{FAE04EC0-301F-11D3-BF4B-00C04F79EFBC}") = "StS2SeedRoller", "StS2SeedRoller.csproj", "{3F46AB28-63EA-C802-8223-9DFD2BC965D9}"
EndProject
Global
	GlobalSection(SolutionConfigurationPlatforms) = preSolution
		Debug|Any CPU = Debug|Any CPU
		Release|Any CPU = Release|Any CPU
	EndGlobalSection
	GlobalSection(ProjectConfigurationPlatforms) = postSolution
		{3F46AB28-63EA-C802-8223-9DFD2BC965D9}.Debug|Any CPU.ActiveCfg = Debug|Any CPU
		{3F46AB28-63EA-C802-8223-9DFD2BC965D9}.Debug|Any CPU.Build.0 = Debug|Any CPU
		{3F46AB28-63EA-C802-8223-9DFD2BC965D9}.Release|Any CPU.ActiveCfg = Release|Any CPU
		{3F46AB28-63EA-C802-8223-9DFD2BC965D9}.Release|Any CPU.Build.0 = Release|Any CPU
	EndGlobalSection
	GlobalSection(SolutionProperties) = preSolution
		HideSolutionNode = FALSE
	EndGlobalSection
	GlobalSection(ExtensibilityGlobals) = postSolution
		SolutionGuid = {8A587897-E77E-4FCE-B049-87519738D2ED}
	EndGlobalSection
EndGlobal
